// !$*UTF8*$!
{
	archiveVersion = 1;
	classes = {
	};
	objectVersion = 50;
	objects = {

/* Begin PBXBuildFile section */
		DA2E9BDD271FA8960092BE6D /* TrainUtilApp.swift in Sources */ = {isa = PBXBuildFile; fileRef = DA2E9BDC271FA8960092BE6D /* TrainUtilApp.swift */; };
		DA2E9BDF271FA8960092BE6D /* ContentView.swift in Sources */ = {isa = PBXBuildFile; fileRef = DA2E9BDE271FA8960092BE6D /* ContentView.swift */; };
		DA2E9BE1271FA8970092BE6D /* Assets.xcassets in Resources */ = {isa = PBXBuildFile; fileRef = DA2E9BE0271FA8970092BE6D /* Assets.xcassets */; };
		DA2E9BE4271FA8970092BE6D /* Preview Assets.xcassets in Resources */ = {isa = PBXBuildFile; fileRef = DA2E9BE3271FA8970092BE6D /* Preview Assets.xcassets */; };
		DA2E9BE6271FA8970092BE6D /* Persistence.swift in Sources */ = {isa = PBXBuildFile; fileRef = DA2E9BE5271FA8970092BE6D /* Persistence.swift */; };
		DA2E9BE9271FA8970092BE6D /* TrainUtil.xcdatamodeld in Sources */ = {isa = PBXBuildFile; fileRef = DA2E9BE7271FA8970092BE6D /* TrainUtil.xcdatamodeld */; };
		DA2E9BF4271FA8970092BE6D /* TrainUtilTests.swift in Sources */ = {isa = PBXBuildFile; fileRef = DA2E9BF3271FA8970092BE6D /* TrainUtilTests.swift */; };
		DA2E9CEE27223B410092BE6D /* WidgetKit.framework in Frameworks */ = {isa = PBXBuildFile; fileRef = DA2E9C15271FA8B60092BE6D /* WidgetKit.framework */; };
		DA2E9CEF27223B410092BE6D /* SwiftUI.framework in Frameworks */ = {isa = PBXBuildFile; fileRef = DA2E9C17271FA8B60092BE6D /* SwiftUI.framework */; };
		DA2E9CF227223B410092BE6D /* NextTrain.swift in Sources */ = {isa = PBXBuildFile; fileRef = DA2E9CF127223B410092BE6D /* NextTrain.swift */; };
		DA2E9CF427223B420092BE6D /* Assets.xcassets in Resources */ = {isa = PBXBuildFile; fileRef = DA2E9CF327223B420092BE6D /* Assets.xcassets */; };
		DA2E9CF827223B420092BE6D /* NextTrainExtension.appex in Embed App Extensions */ = {isa = PBXBuildFile; fileRef = DA2E9CED27223B410092BE6D /* NextTrainExtension.appex */; settings = {ATTRIBUTES = (RemoveHeadersOnCopy, ); }; };
		DA2E9D0027223C140092BE6D /* TrainInfo.swift in Sources */ = {isa = PBXBuildFile; fileRef = DA2E9C2D271FAC560092BE6D /* TrainInfo.swift */; };
/* End PBXBuildFile section */

/* Begin PBXContainerItemProxy section */
		DA2E9BF0271FA8970092BE6D /* PBXContainerItemProxy */ = {
			isa = PBXContainerItemProxy;
			containerPortal = DA2E9BD1271FA8960092BE6D /* Project object */;
			proxyType = 1;
			remoteGlobalIDString = DA2E9BD8271FA8960092BE6D;
			remoteInfo = TrainUtil;
		};
		DA2E9BFB271FA8970092BE6D /* PBXContainerItemProxy */ = {
			isa = PBXContainerItemProxy;
			containerPortal = DA2E9BD1271FA8960092BE6D /* Project object */;
			proxyType = 1;
			remoteGlobalIDString = DA2E9BD8271FA8960092BE6D;
			remoteInfo = TrainUtil;
		};
		DA2E9CF627223B420092BE6D /* PBXContainerItemProxy */ = {
			isa = PBXContainerItemProxy;
			containerPortal = DA2E9BD1271FA8960092BE6D /* Project object */;
			proxyType = 1;
			remoteGlobalIDString = DA2E9CEC27223B410092BE6D;
			remoteInfo = NextTrainExtension;
		};
/* End PBXContainerItemProxy section */

/* Begin PBXCopyFilesBuildPhase section */
		DA2E9C28271FA8B60092BE6D /* Embed App Extensions */ = {
			isa = PBXCopyFilesBuildPhase;
			buildActionMask = 2147483647;
			dstPath = "";
			dstSubfolderSpec = 13;
			files = (
				DA2E9CF827223B420092BE6D /* NextTrainExtension.appex in Embed App Extensions */,
			);
			name = "Embed App Extensions";
			runOnlyForDeploymentPostprocessing = 0;
		};
/* End PBXCopyFilesBuildPhase section */

/* Begin PBXFileReference section */
		DA2E9BD9271FA8960092BE6D /* TrainUtil.app */ = {isa = PBXFileReference; explicitFileType = wrapper.application; includeInIndex = 0; path = TrainUtil.app; sourceTree = BUILT_PRODUCTS_DIR; };
		DA2E9BDC271FA8960092BE6D /* TrainUtilApp.swift */ = {isa = PBXFileReference; lastKnownFileType = sourcecode.swift; path = TrainUtilApp.swift; sourceTree = "<group>"; };
		DA2E9BDE271FA8960092BE6D /* ContentView.swift */ = {isa = PBXFileReference; lastKnownFileType = sourcecode.swift; path = ContentView.swift; sourceTree = "<group>"; };
		DA2E9BE0271FA8970092BE6D /* Assets.xcassets */ = {isa = PBXFileReference; lastKnownFileType = folder.assetcatalog; path = Assets.xcassets; sourceTree = "<group>"; };
		DA2E9BE3271FA8970092BE6D /* Preview Assets.xcassets */ = {isa = PBXFileReference; lastKnownFileType = folder.assetcatalog; path = "Preview Assets.xcassets"; sourceTree = "<group>"; };
		DA2E9BE5271FA8970092BE6D /* Persistence.swift */ = {isa = PBXFileReference; lastKnownFileType = sourcecode.swift; path = Persistence.swift; sourceTree = "<group>"; };
		DA2E9BE8271FA8970092BE6D /* TrainUtil.xcdatamodel */ = {isa = PBXFileReference; lastKnownFileType = wrapper.xcdatamodel; path = TrainUtil.xcdatamodel; sourceTree = "<group>"; };
		DA2E9BEA271FA8970092BE6D /* Info.plist */ = {isa = PBXFileReference; lastKnownFileType = text.plist.xml; path = Info.plist; sourceTree = "<group>"; };
		DA2E9BEF271FA8970092BE6D /* TrainUtilTests.xctest */ = {isa = PBXFileReference; explicitFileType = wrapper.cfbundle; includeInIndex = 0; path = TrainUtilTests.xctest; sourceTree = BUILT_PRODUCTS_DIR; };
		DA2E9BF3271FA8970092BE6D /* TrainUtilTests.swift */ = {isa = PBXFileReference; lastKnownFileType = sourcecode.swift; path = TrainUtilTests.swift; sourceTree = "<group>"; };
		DA2E9BF5271FA8970092BE6D /* Info.plist */ = {isa = PBXFileReference; lastKnownFileType = text.plist.xml; path = Info.plist; sourceTree = "<group>"; };
		DA2E9BFA271FA8970092BE6D /* TrainUtilUITests.xctest */ = {isa = PBXFileReference; explicitFileType = wrapper.cfbundle; includeInIndex = 0; path = TrainUtilUITests.xctest; sourceTree = BUILT_PRODUCTS_DIR; };
		DA2E9C15271FA8B60092BE6D /* WidgetKit.framework */ = {isa = PBXFileReference; lastKnownFileType = wrapper.framework; name = WidgetKit.framework; path = System/Library/Frameworks/WidgetKit.framework; sourceTree = SDKROOT; };
		DA2E9C17271FA8B60092BE6D /* SwiftUI.framework */ = {isa = PBXFileReference; lastKnownFileType = wrapper.framework; name = SwiftUI.framework; path = System/Library/Frameworks/SwiftUI.framework; sourceTree = SDKROOT; };
		DA2E9C2D271FAC560092BE6D /* TrainInfo.swift */ = {isa = PBXFileReference; lastKnownFileType = sourcecode.swift; path = TrainInfo.swift; sourceTree = "<group>"; };
		DA2E9CED27223B410092BE6D /* NextTrainExtension.appex */ = {isa = PBXFileReference; explicitFileType = "wrapper.app-extension"; includeInIndex = 0; path = NextTrainExtension.appex; sourceTree = BUILT_PRODUCTS_DIR; };
		DA2E9CF127223B410092BE6D /* NextTrain.swift */ = {isa = PBXFileReference; lastKnownFileType = sourcecode.swift; path = NextTrain.swift; sourceTree = "<group>"; };
		DA2E9CF327223B420092BE6D /* Assets.xcassets */ = {isa = PBXFileReference; lastKnownFileType = folder.assetcatalog; path = Assets.xcassets; sourceTree = "<group>"; };
		DA2E9CF527223B420092BE6D /* Info.plist */ = {isa = PBXFileReference; lastKnownFileType = text.plist.xml; path = Info.plist; sourceTree = "<group>"; };
		DA2E9D05272240D20092BE6D /* Config.xcconfig */ = {isa = PBXFileReference; lastKnownFileType = text.xcconfig; path = Config.xcconfig; sourceTree = "<group>"; };
/* End PBXFileReference section */

/* Begin PBXFrameworksBuildPhase section */
		DA2E9BD6271FA8960092BE6D /* Frameworks */ = {
			isa = PBXFrameworksBuildPhase;
			buildActionMask = 2147483647;
			files = (
			);
			runOnlyForDeploymentPostprocessing = 0;
		};
		DA2E9BEC271FA8970092BE6D /* Frameworks */ = {
			isa = PBXFrameworksBuildPhase;
			buildActionMask = 2147483647;
			files = (
			);
			runOnlyForDeploymentPostprocessing = 0;
		};
		DA2E9BF7271FA8970092BE6D /* Frameworks */ = {
			isa = PBXFrameworksBuildPhase;
			buildActionMask = 2147483647;
			files = (
			);
			runOnlyForDeploymentPostprocessing = 0;
		};
		DA2E9CEA27223B410092BE6D /* Frameworks */ = {
			isa = PBXFrameworksBuildPhase;
			buildActionMask = 2147483647;
			files = (
				DA2E9CEF27223B410092BE6D /* SwiftUI.framework in Frameworks */,
				DA2E9CEE27223B410092BE6D /* WidgetKit.framework in Frameworks */,
			);
			runOnlyForDeploymentPostprocessing = 0;
		};
/* End PBXFrameworksBuildPhase section */

/* Begin PBXGroup section */
		DA2E9BD0271FA8960092BE6D = {
			isa = PBXGroup;
			children = (
				DA2E9BDB271FA8960092BE6D /* TrainUtil */,
				DA2E9BF2271FA8970092BE6D /* TrainUtilTests */,
				DA2E9CF027223B410092BE6D /* NextTrain */,
				DA2E9C14271FA8B60092BE6D /* Frameworks */,
				DA2E9BDA271FA8960092BE6D /* Products */,
			);
			sourceTree = "<group>";
		};
		DA2E9BDA271FA8960092BE6D /* Products */ = {
			isa = PBXGroup;
			children = (
				DA2E9BD9271FA8960092BE6D /* TrainUtil.app */,
				DA2E9BEF271FA8970092BE6D /* TrainUtilTests.xctest */,
				DA2E9BFA271FA8970092BE6D /* TrainUtilUITests.xctest */,
				DA2E9CED27223B410092BE6D /* NextTrainExtension.appex */,
			);
			name = Products;
			sourceTree = "<group>";
		};
		DA2E9BDB271FA8960092BE6D /* TrainUtil */ = {
			isa = PBXGroup;
			children = (
				DA2E9BDC271FA8960092BE6D /* TrainUtilApp.swift */,
				DA2E9BDE271FA8960092BE6D /* ContentView.swift */,
				DA2E9BE0271FA8970092BE6D /* Assets.xcassets */,
				DA2E9BE5271FA8970092BE6D /* Persistence.swift */,
				DA2E9BEA271FA8970092BE6D /* Info.plist */,
				DA2E9BE7271FA8970092BE6D /* TrainUtil.xcdatamodeld */,
				DA2E9BE2271FA8970092BE6D /* Preview Content */,
			);
			path = TrainUtil;
			sourceTree = "<group>";
		};
		DA2E9BE2271FA8970092BE6D /* Preview Content */ = {
			isa = PBXGroup;
			children = (
				DA2E9BE3271FA8970092BE6D /* Preview Assets.xcassets */,
			);
			path = "Preview Content";
			sourceTree = "<group>";
		};
		DA2E9BF2271FA8970092BE6D /* TrainUtilTests */ = {
			isa = PBXGroup;
			children = (
				DA2E9BF3271FA8970092BE6D /* TrainUtilTests.swift */,
				DA2E9BF5271FA8970092BE6D /* Info.plist */,
			);
			path = TrainUtilTests;
			sourceTree = "<group>";
		};
		DA2E9C14271FA8B60092BE6D /* Frameworks */ = {
			isa = PBXGroup;
			children = (
				DA2E9C15271FA8B60092BE6D /* WidgetKit.framework */,
				DA2E9C17271FA8B60092BE6D /* SwiftUI.framework */,
			);
			name = Frameworks;
			sourceTree = "<group>";
		};
		DA2E9CF027223B410092BE6D /* NextTrain */ = {
			isa = PBXGroup;
			children = (
				DA2E9C2D271FAC560092BE6D /* TrainInfo.swift */,
				DA2E9CF127223B410092BE6D /* NextTrain.swift */,
				DA2E9CF327223B420092BE6D /* Assets.xcassets */,
				DA2E9CF527223B420092BE6D /* Info.plist */,
				DA2E9D05272240D20092BE6D /* Config.xcconfig */,
			);
			path = NextTrain;
			sourceTree = "<group>";
		};
/* End PBXGroup section */

/* Begin PBXNativeTarget section */
		DA2E9BD8271FA8960092BE6D /* TrainUtil */ = {
			isa = PBXNativeTarget;
			buildConfigurationList = DA2E9C03271FA8970092BE6D /* Build configuration list for PBXNativeTarget "TrainUtil" */;
			buildPhases = (
				DA2E9BD5271FA8960092BE6D /* Sources */,
				DA2E9BD6271FA8960092BE6D /* Frameworks */,
				DA2E9BD7271FA8960092BE6D /* Resources */,
				DA2E9C28271FA8B60092BE6D /* Embed App Extensions */,
			);
			buildRules = (
			);
			dependencies = (
				DA2E9CF727223B420092BE6D /* PBXTargetDependency */,
			);
			name = TrainUtil;
			productName = TrainUtil;
			productReference = DA2E9BD9271FA8960092BE6D /* TrainUtil.app */;
			productType = "com.apple.product-type.application";
		};
		DA2E9BEE271FA8970092BE6D /* TrainUtilTests */ = {
			isa = PBXNativeTarget;
			buildConfigurationList = DA2E9C06271FA8970092BE6D /* Build configuration list for PBXNativeTarget "TrainUtilTests" */;
			buildPhases = (
				DA2E9BEB271FA8970092BE6D /* Sources */,
				DA2E9BEC271FA8970092BE6D /* Frameworks */,
				DA2E9BED271FA8970092BE6D /* Resources */,
			);
			buildRules = (
			);
			dependencies = (
				DA2E9BF1271FA8970092BE6D /* PBXTargetDependency */,
			);
			name = TrainUtilTests;
			productName = TrainUtilTests;
			productReference = DA2E9BEF271FA8970092BE6D /* TrainUtilTests.xctest */;
			productType = "com.apple.product-type.bundle.unit-test";
		};
		DA2E9BF9271FA8970092BE6D /* TrainUtilUITests */ = {
			isa = PBXNativeTarget;
			buildConfigurationList = DA2E9C09271FA8970092BE6D /* Build configuration list for PBXNativeTarget "TrainUtilUITests" */;
			buildPhases = (
				DA2E9BF6271FA8970092BE6D /* Sources */,
				DA2E9BF7271FA8970092BE6D /* Frameworks */,
				DA2E9BF8271FA8970092BE6D /* Resources */,
			);
			buildRules = (
			);
			dependencies = (
				DA2E9BFC271FA8970092BE6D /* PBXTargetDependency */,
			);
			name = TrainUtilUITests;
			productName = TrainUtilUITests;
			productReference = DA2E9BFA271FA8970092BE6D /* TrainUtilUITests.xctest */;
			productType = "com.apple.product-type.bundle.ui-testing";
		};
		DA2E9CEC27223B410092BE6D /* NextTrainExtension */ = {
			isa = PBXNativeTarget;
			buildConfigurationList = DA2E9CF927223B420092BE6D /* Build configuration list for PBXNativeTarget "NextTrainExtension" */;
			buildPhases = (
				DA2E9CE927223B410092BE6D /* Sources */,
				DA2E9CEA27223B410092BE6D /* Frameworks */,
				DA2E9CEB27223B410092BE6D /* Resources */,
			);
			buildRules = (
			);
			dependencies = (
			);
			name = NextTrainExtension;
			productName = NextTrainExtension;
			productReference = DA2E9CED27223B410092BE6D /* NextTrainExtension.appex */;
			productType = "com.apple.product-type.app-extension";
		};
/* End PBXNativeTarget section */

/* Begin PBXProject section */
		DA2E9BD1271FA8960092BE6D /* Project object */ = {
			isa = PBXProject;
			attributes = {
				LastSwiftUpdateCheck = 1240;
				LastUpgradeCheck = 1240;
				TargetAttributes = {
					DA2E9BD8271FA8960092BE6D = {
						CreatedOnToolsVersion = 12.4;
					};
					DA2E9BEE271FA8970092BE6D = {
						CreatedOnToolsVersion = 12.4;
						TestTargetID = DA2E9BD8271FA8960092BE6D;
					};
					DA2E9BF9271FA8970092BE6D = {
						CreatedOnToolsVersion = 12.4;
						TestTargetID = DA2E9BD8271FA8960092BE6D;
					};
					DA2E9CEC27223B410092BE6D = {
						CreatedOnToolsVersion = 12.4;
					};
				};
			};
			buildConfigurationList = DA2E9BD4271FA8960092BE6D /* Build configuration list for PBXProject "TrainUtil" */;
			compatibilityVersion = "Xcode 9.3";
			developmentRegion = en;
			hasScannedForEncodings = 0;
			knownRegions = (
				en,
				Base,
			);
			mainGroup = DA2E9BD0271FA8960092BE6D;
			productRefGroup = DA2E9BDA271FA8960092BE6D /* Products */;
			projectDirPath = "";
			projectRoot = "";
			targets = (
				DA2E9BD8271FA8960092BE6D /* TrainUtil */,
				DA2E9BEE271FA8970092BE6D /* TrainUtilTests */,
				DA2E9BF9271FA8970092BE6D /* TrainUtilUITests */,
				DA2E9CEC27223B410092BE6D /* NextTrainExtension */,
			);
		};
/* End PBXProject section */

/* Begin PBXResourcesBuildPhase section */
		DA2E9BD7271FA8960092BE6D /* Resources */ = {
			isa = PBXResourcesBuildPhase;
			buildActionMask = 2147483647;
			files = (
				DA2E9BE4271FA8970092BE6D /* Preview Assets.xcassets in Resources */,
				DA2E9BE1271FA8970092BE6D /* Assets.xcassets in Resources */,
			);
			runOnlyForDeploymentPostprocessing = 0;
		};
		DA2E9BED271FA8970092BE6D /* Resources */ = {
			isa = PBXResourcesBuildPhase;
			buildActionMask = 2147483647;
			files = (
			);
			runOnlyForDeploymentPostprocessing = 0;
		};
		DA2E9BF8271FA8970092BE6D /* Resources */ = {
			isa = PBXResourcesBuildPhase;
			buildActionMask = 2147483647;
			files = (
			);
			runOnlyForDeploymentPostprocessing = 0;
		};
		DA2E9CEB27223B410092BE6D /* Resources */ = {
			isa = PBXResourcesBuildPhase;
			buildActionMask = 2147483647;
			files = (
				DA2E9CF427223B420092BE6D /* Assets.xcassets in Resources */,
			);
			runOnlyForDeploymentPostprocessing = 0;
		};
/* End PBXResourcesBuildPhase section */

/* Begin PBXSourcesBuildPhase section */
		DA2E9BD5271FA8960092BE6D /* Sources */ = {
			isa = PBXSourcesBuildPhase;
			buildActionMask = 2147483647;
			files = (
				DA2E9BE6271FA8970092BE6D /* Persistence.swift in Sources */,
				DA2E9BDF271FA8960092BE6D /* ContentView.swift in Sources */,
				DA2E9BE9271FA8970092BE6D /* TrainUtil.xcdatamodeld in Sources */,
				DA2E9BDD271FA8960092BE6D /* TrainUtilApp.swift in Sources */,
			);
			runOnlyForDeploymentPostprocessing = 0;
		};
		DA2E9BEB271FA8970092BE6D /* Sources */ = {
			isa = PBXSourcesBuildPhase;
			buildActionMask = 2147483647;
			files = (
				DA2E9BF4271FA8970092BE6D /* TrainUtilTests.swift in Sources */,
			);
			runOnlyForDeploymentPostprocessing = 0;
		};
		DA2E9BF6271FA8970092BE6D /* Sources */ = {
			isa = PBXSourcesBuildPhase;
			buildActionMask = 2147483647;
			files = (
			);
			runOnlyForDeploymentPostprocessing = 0;
		};
		DA2E9CE927223B410092BE6D /* Sources */ = {
			isa = PBXSourcesBuildPhase;
			buildActionMask = 2147483647;
			files = (
				DA2E9D0027223C140092BE6D /* TrainInfo.swift in Sources */,
				DA2E9CF227223B410092BE6D /* NextTrain.swift in Sources */,
			);
			runOnlyForDeploymentPostprocessing = 0;
		};
/* End PBXSourcesBuildPhase section */

/* Begin PBXTargetDependency section */
		DA2E9BF1271FA8970092BE6D /* PBXTargetDependency */ = {
			isa = PBXTargetDependency;
			target = DA2E9BD8271FA8960092BE6D /* TrainUtil */;
			targetProxy = DA2E9BF0271FA8970092BE6D /* PBXContainerItemProxy */;
		};
		DA2E9BFC271FA8970092BE6D /* PBXTargetDependency */ = {
			isa = PBXTargetDependency;
			target = DA2E9BD8271FA8960092BE6D /* TrainUtil */;
			targetProxy = DA2E9BFB271FA8970092BE6D /* PBXContainerItemProxy */;
		};
		DA2E9CF727223B420092BE6D /* PBXTargetDependency */ = {
			isa = PBXTargetDependency;
			target = DA2E9CEC27223B410092BE6D /* NextTrainExtension */;
			targetProxy = DA2E9CF627223B420092BE6D /* PBXContainerItemProxy */;
		};
/* End PBXTargetDependency section */

/* Begin XCBuildConfiguration section */
		DA2E9C01271FA8970092BE6D /* Debug */ = {
			isa = XCBuildConfiguration;
			buildSettings = {
				ALWAYS_SEARCH_USER_PATHS = NO;
				CLANG_ANALYZER_NONNULL = YES;
				CLANG_ANALYZER_NUMBER_OBJECT_CONVERSION = YES_AGGRESSIVE;
				CLANG_CXX_LANGUAGE_STANDARD = "gnu++14";
				CLANG_CXX_LIBRARY = "libc++";
				CLANG_ENABLE_MODULES = YES;
				CLANG_ENABLE_OBJC_ARC = YES;
				CLANG_ENABLE_OBJC_WEAK = YES;
				CLANG_WARN_BLOCK_CAPTURE_AUTORELEASING = YES;
				CLANG_WARN_BOOL_CONVERSION = YES;
				CLANG_WARN_COMMA = YES;
				CLANG_WARN_CONSTANT_CONVERSION = YES;
				CLANG_WARN_DEPRECATED_OBJC_IMPLEMENTATIONS = YES;
				CLANG_WARN_DIRECT_OBJC_ISA_USAGE = YES_ERROR;
				CLANG_WARN_DOCUMENTATION_COMMENTS = YES;
				CLANG_WARN_EMPTY_BODY = YES;
				CLANG_WARN_ENUM_CONVERSION = YES;
				CLANG_WARN_INFINITE_RECURSION = YES;
				CLANG_WARN_INT_CONVERSION = YES;
				CLANG_WARN_NON_LITERAL_NULL_CONVERSION = YES;
				CLANG_WARN_OBJC_IMPLICIT_RETAIN_SELF = YES;
				CLANG_WARN_OBJC_LITERAL_CONVERSION = YES;
				CLANG_WARN_OBJC_ROOT_CLASS = YES_ERROR;
				CLANG_WARN_QUOTED_INCLUDE_IN_FRAMEWORK_HEADER = YES;
				CLANG_WARN_RANGE_LOOP_ANALYSIS = YES;
				CLANG_WARN_STRICT_PROTOTYPES = YES;
				CLANG_WARN_SUSPICIOUS_MOVE = YES;
				CLANG_WARN_UNGUARDED_AVAILABILITY = YES_AGGRESSIVE;
				CLANG_WARN_UNREACHABLE_CODE = YES;
				CLANG_WARN__DUPLICATE_METHOD_MATCH = YES;
				COPY_PHASE_STRIP = NO;
				DEBUG_INFORMATION_FORMAT = dwarf;
				ENABLE_STRICT_OBJC_MSGSEND = YES;
				ENABLE_TESTABILITY = YES;
				GCC_C_LANGUAGE_STANDARD = gnu11;
				GCC_DYNAMIC_NO_PIC = NO;
				GCC_NO_COMMON_BLOCKS = YES;
				GCC_OPTIMIZATION_LEVEL = 0;
				GCC_PREPROCESSOR_DEFINITIONS = (
					"DEBUG=1",
					"$(inherited)",
				);
				GCC_WARN_64_TO_32_BIT_CONVERSION = YES;
				GCC_WARN_ABOUT_RETURN_TYPE = YES_ERROR;
				GCC_WARN_UNDECLARED_SELECTOR = YES;
				GCC_WARN_UNINITIALIZED_AUTOS = YES_AGGRESSIVE;
				GCC_WARN_UNUSED_FUNCTION = YES;
				GCC_WARN_UNUSED_VARIABLE = YES;
				IPHONEOS_DEPLOYMENT_TARGET = 14.4;
				MTL_ENABLE_DEBUG_INFO = INCLUDE_SOURCE;
				MTL_FAST_MATH = YES;
				ONLY_ACTIVE_ARCH = YES;
				SDKROOT = iphoneos;
				SWIFT_ACTIVE_COMPILATION_CONDITIONS = DEBUG;
				SWIFT_OPTIMIZATION_LEVEL = "-Onone";
			};
			name = Debug;
		};
		DA2E9C02271FA8970092BE6D /* Release */ = {
			isa = XCBuildConfiguration;
			buildSettings = {
				ALWAYS_SEARCH_USER_PATHS = NO;
				CLANG_ANALYZER_NONNULL = YES;
				CLANG_ANALYZER_NUMBER_OBJECT_CONVERSION = YES_AGGRESSIVE;
				CLANG_CXX_LANGUAGE_STANDARD = "gnu++14";
				CLANG_CXX_LIBRARY = "libc++";
				CLANG_ENABLE_MODULES = YES;
				CLANG_ENABLE_OBJC_ARC = YES;
				CLANG_ENABLE_OBJC_WEAK = YES;
				CLANG_WARN_BLOCK_CAPTURE_AUTORELEASING = YES;
				CLANG_WARN_BOOL_CONVERSION = YES;
				CLANG_WARN_COMMA = YES;
				CLANG_WARN_CONSTANT_CONVERSION = YES;
				CLANG_WARN_DEPRECATED_OBJC_IMPLEMENTATIONS = YES;
				CLANG_WARN_DIRECT_OBJC_ISA_USAGE = YES_ERROR;
				CLANG_WARN_DOCUMENTATION_COMMENTS = YES;
				CLANG_WARN_EMPTY_BODY = YES;
				CLANG_WARN_ENUM_CONVERSION = YES;
				CLANG_WARN_INFINITE_RECURSION = YES;
				CLANG_WARN_INT_CONVERSION = YES;
				CLANG_WARN_NON_LITERAL_NULL_CONVERSION = YES;
				CLANG_WARN_OBJC_IMPLICIT_RETAIN_SELF = YES;
				CLANG_WARN_OBJC_LITERAL_CONVERSION = YES;
				CLANG_WARN_OBJC_ROOT_CLASS = YES_ERROR;
				CLANG_WARN_QUOTED_INCLUDE_IN_FRAMEWORK_HEADER = YES;
				CLANG_WARN_RANGE_LOOP_ANALYSIS = YES;
				CLANG_WARN_STRICT_PROTOTYPES = YES;
				CLANG_WARN_SUSPICIOUS_MOVE = YES;
				CLANG_WARN_UNGUARDED_AVAILABILITY = YES_AGGRESSIVE;
				CLANG_WARN_UNREACHABLE_CODE = YES;
				CLANG_WARN__DUPLICATE_METHOD_MATCH = YES;
				COPY_PHASE_STRIP = NO;
				DEBUG_INFORMATION_FORMAT = "dwarf-with-dsym";
				ENABLE_NS_ASSERTIONS = NO;
				ENABLE_STRICT_OBJC_MSGSEND = YES;
				GCC_C_LANGUAGE_STANDARD = gnu11;
				GCC_NO_COMMON_BLOCKS = YES;
				GCC_WARN_64_TO_32_BIT_CONVERSION = YES;
				GCC_WARN_ABOUT_RETURN_TYPE = YES_ERROR;
				GCC_WARN_UNDECLARED_SELECTOR = YES;
				GCC_WARN_UNINITIALIZED_AUTOS = YES_AGGRESSIVE;
				GCC_WARN_UNUSED_FUNCTION = YES;
				GCC_WARN_UNUSED_VARIABLE = YES;
				IPHONEOS_DEPLOYMENT_TARGET = 14.4;
				MTL_ENABLE_DEBUG_INFO = NO;
				MTL_FAST_MATH = YES;
				SDKROOT = iphoneos;
				SWIFT_COMPILATION_MODE = wholemodule;
				SWIFT_OPTIMIZATION_LEVEL = "-O";
				VALIDATE_PRODUCT = YES;
			};
			name = Release;
		};
		DA2E9C04271FA8970092BE6D /* Debug */ = {
			isa = XCBuildConfiguration;
			buildSettings = {
				ALWAYS_EMBED_SWIFT_STANDARD_LIBRARIES = YES;
				ASSETCATALOG_COMPILER_APPICON_NAME = AppIcon;
				ASSETCATALOG_COMPILER_GLOBAL_ACCENT_COLOR_NAME = AccentColor;
				CODE_SIGN_STYLE = Automatic;
				DEVELOPMENT_ASSET_PATHS = "\"TrainUtil/Preview Content\"";
				DEVELOPMENT_TEAM = 6GH5DL24KD;
				ENABLE_PREVIEWS = YES;
				INFOPLIST_FILE = TrainUtil/Info.plist;
				IPHONEOS_DEPLOYMENT_TARGET = 14.0;
				LD_RUNPATH_SEARCH_PATHS = (
					"$(inherited)",
					"@executable_path/Frameworks",
				);
				PRODUCT_BUNDLE_IDENTIFIER = com.pdellinger.TrainUtil;
				PRODUCT_NAME = "$(TARGET_NAME)";
				SWIFT_VERSION = 5.0;
				TARGETED_DEVICE_FAMILY = "1,2";
			};
			name = Debug;
		};
		DA2E9C05271FA8970092BE6D /* Release */ = {
			isa = XCBuildConfiguration;
			buildSettings = {
				ALWAYS_EMBED_SWIFT_STANDARD_LIBRARIES = YES;
				ASSETCATALOG_COMPILER_APPICON_NAME = AppIcon;
				ASSETCATALOG_COMPILER_GLOBAL_ACCENT_COLOR_NAME = AccentColor;
				CODE_SIGN_STYLE = Automatic;
				DEVELOPMENT_ASSET_PATHS = "\"TrainUtil/Preview Content\"";
				DEVELOPMENT_TEAM = 6GH5DL24KD;
				ENABLE_PREVIEWS = YES;
				INFOPLIST_FILE = TrainUtil/Info.plist;
				IPHONEOS_DEPLOYMENT_TARGET = 14.0;
				LD_RUNPATH_SEARCH_PATHS = (
					"$(inherited)",
					"@executable_path/Frameworks",
				);
				PRODUCT_BUNDLE_IDENTIFIER = com.pdellinger.TrainUtil;
				PRODUCT_NAME = "$(TARGET_NAME)";
				SWIFT_VERSION = 5.0;
				TARGETED_DEVICE_FAMILY = "1,2";
			};
			name = Release;
		};
		DA2E9C07271FA8970092BE6D /* Debug */ = {
			isa = XCBuildConfiguration;
			buildSettings = {
				ALWAYS_EMBED_SWIFT_STANDARD_LIBRARIES = YES;
				BUNDLE_LOADER = "$(TEST_HOST)";
				CODE_SIGN_STYLE = Automatic;
				DEVELOPMENT_TEAM = 6GH5DL24KD;
				INFOPLIST_FILE = TrainUtilTests/Info.plist;
				IPHONEOS_DEPLOYMENT_TARGET = 14.0;
				LD_RUNPATH_SEARCH_PATHS = (
					"$(inherited)",
					"@executable_path/Frameworks",
					"@loader_path/Frameworks",
				);
				PRODUCT_BUNDLE_IDENTIFIER = com.pdellinger.TrainUtilTests;
				PRODUCT_NAME = "$(TARGET_NAME)";
				SWIFT_VERSION = 5.0;
				TARGETED_DEVICE_FAMILY = "1,2";
				TEST_HOST = "$(BUILT_PRODUCTS_DIR)/TrainUtil.app/TrainUtil";
			};
			name = Debug;
		};
		DA2E9C08271FA8970092BE6D /* Release */ = {
			isa = XCBuildConfiguration;
			buildSettings = {
				ALWAYS_EMBED_SWIFT_STANDARD_LIBRARIES = YES;
				BUNDLE_LOADER = "$(TEST_HOST)";
				CODE_SIGN_STYLE = Automatic;
				DEVELOPMENT_TEAM = 6GH5DL24KD;
				INFOPLIST_FILE = TrainUtilTests/Info.plist;
				IPHONEOS_DEPLOYMENT_TARGET = 14.0;
				LD_RUNPATH_SEARCH_PATHS = (
					"$(inherited)",
					"@executable_path/Frameworks",
					"@loader_path/Frameworks",
				);
				PRODUCT_BUNDLE_IDENTIFIER = com.pdellinger.TrainUtilTests;
				PRODUCT_NAME = "$(TARGET_NAME)";
				SWIFT_VERSION = 5.0;
				TARGETED_DEVICE_FAMILY = "1,2";
				TEST_HOST = "$(BUILT_PRODUCTS_DIR)/TrainUtil.app/TrainUtil";
			};
			name = Release;
		};
		DA2E9C0A271FA8970092BE6D /* Debug */ = {
			isa = XCBuildConfiguration;
			buildSettings = {
				ALWAYS_EMBED_SWIFT_STANDARD_LIBRARIES = YES;
				CODE_SIGN_STYLE = Automatic;
				DEVELOPMENT_TEAM = 6GH5DL24KD;
				INFOPLIST_FILE = TrainUtilUITests/Info.plist;
				LD_RUNPATH_SEARCH_PATHS = (
					"$(inherited)",
					"@executable_path/Frameworks",
					"@loader_path/Frameworks",
				);
				PRODUCT_BUNDLE_IDENTIFIER = com.pdellinger.TrainUtilUITests;
				PRODUCT_NAME = "$(TARGET_NAME)";
				SWIFT_VERSION = 5.0;
				TARGETED_DEVICE_FAMILY = "1,2";
				TEST_TARGET_NAME = TrainUtil;
			};
			name = Debug;
		};
		DA2E9C0B271FA8970092BE6D /* Release */ = {
			isa = XCBuildConfiguration;
			buildSettings = {
				ALWAYS_EMBED_SWIFT_STANDARD_LIBRARIES = YES;
				CODE_SIGN_STYLE = Automatic;
				DEVELOPMENT_TEAM = 6GH5DL24KD;
				INFOPLIST_FILE = TrainUtilUITests/Info.plist;
				LD_RUNPATH_SEARCH_PATHS = (
					"$(inherited)",
					"@executable_path/Frameworks",
					"@loader_path/Frameworks",
				);
				PRODUCT_BUNDLE_IDENTIFIER = com.pdellinger.TrainUtilUITests;
				PRODUCT_NAME = "$(TARGET_NAME)";
				SWIFT_VERSION = 5.0;
				TARGETED_DEVICE_FAMILY = "1,2";
				TEST_TARGET_NAME = TrainUtil;
			};
			name = Release;
		};
		DA2E9CFA27223B420092BE6D /* Debug */ = {
			isa = XCBuildConfiguration;
			baseConfigurationReference = DA2E9D05272240D20092BE6D /* Config.xcconfig */;
			buildSettings = {
				ASSETCATALOG_COMPILER_GLOBAL_ACCENT_COLOR_NAME = AccentColor;
				ASSETCATALOG_COMPILER_WIDGET_BACKGROUND_COLOR_NAME = WidgetBackground;
				CODE_SIGN_STYLE = Automatic;
				DEVELOPMENT_TEAM = 6GH5DL24KD;
				INFOPLIST_FILE = NextTrain/Info.plist;
				LD_RUNPATH_SEARCH_PATHS = (
					"$(inherited)",
					"@executable_path/Frameworks",
					"@executable_path/../../Frameworks",
				);
				PRODUCT_BUNDLE_IDENTIFIER = com.pdellinger.TrainUtil.NextTrain;
				PRODUCT_NAME = "$(TARGET_NAME)";
				SKIP_INSTALL = YES;
				SWIFT_VERSION = 5.0;
				TARGETED_DEVICE_FAMILY = "1,2";
			};
			name = Debug;
		};
		DA2E9CFB27223B420092BE6D /* Release */ = {
			isa = XCBuildConfiguration;
			baseConfigurationReference = DA2E9D05272240D20092BE6D /* Config.xcconfig */;
			buildSettings = {
				ASSETCATALOG_COMPILER_GLOBAL_ACCENT_COLOR_NAME = AccentColor;
				ASSETCATALOG_COMPILER_WIDGET_BACKGROUND_COLOR_NAME = WidgetBackground;
				CODE_SIGN_STYLE = Automatic;
				DEVELOPMENT_TEAM = 6GH5DL24KD;
				INFOPLIST_FILE = NextTrain/Info.plist;
				LD_RUNPATH_SEARCH_PATHS = (
					"$(inherited)",
					"@executable_path/Frameworks",
					"@executable_path/../../Frameworks",
				);
				PRODUCT_BUNDLE_IDENTIFIER = com.pdellinger.TrainUtil.NextTrain;
				PRODUCT_NAME = "$(TARGET_NAME)";
				SKIP_INSTALL = YES;
				SWIFT_VERSION = 5.0;
				TARGETED_DEVICE_FAMILY = "1,2";
			};
			name = Release;
		};
/* End XCBuildConfiguration section */

/* Begin XCConfigurationList section */
		DA2E9BD4271FA8960092BE6D /* Build configuration list for PBXProject "TrainUtil" */ = {
			isa = XCConfigurationList;
			buildConfigurations = (
				DA2E9C01271FA8970092BE6D /* Debug */,
				DA2E9C02271FA8970092BE6D /* Release */,
			);
			defaultConfigurationIsVisible = 0;
			defaultConfigurationName = Release;
		};
		DA2E9C03271FA8970092BE6D /* Build configuration list for PBXNativeTarget "TrainUtil" */ = {
			isa = XCConfigurationList;
			buildConfigurations = (
				DA2E9C04271FA8970092BE6D /* Debug */,
				DA2E9C05271FA8970092BE6D /* Release */,
			);
			defaultConfigurationIsVisible = 0;
			defaultConfigurationName = Release;
		};
		DA2E9C06271FA8970092BE6D /* Build configuration list for PBXNativeTarget "TrainUtilTests" */ = {
			isa = XCConfigurationList;
			buildConfigurations = (
				DA2E9C07271FA8970092BE6D /* Debug */,
				DA2E9C08271FA8970092BE6D /* Release */,
			);
			defaultConfigurationIsVisible = 0;
			defaultConfigurationName = Release;
		};
		DA2E9C09271FA8970092BE6D /* Build configuration list for PBXNativeTarget "TrainUtilUITests" */ = {
			isa = XCConfigurationList;
			buildConfigurations = (
				DA2E9C0A271FA8970092BE6D /* Debug */,
				DA2E9C0B271FA8970092BE6D /* Release */,
			);
			defaultConfigurationIsVisible = 0;
			defaultConfigurationName = Release;
		};
		DA2E9CF927223B420092BE6D /* Build configuration list for PBXNativeTarget "NextTrainExtension" */ = {
			isa = XCConfigurationList;
			buildConfigurations = (
				DA2E9CFA27223B420092BE6D /* Debug */,
				DA2E9CFB27223B420092BE6D /* Release */,
			);
			defaultConfigurationIsVisible = 0;
			defaultConfigurationName = Release;
		};
/* End XCConfigurationList section */

/* Begin XCVersionGroup section */
		DA2E9BE7271FA8970092BE6D /* TrainUtil.xcdatamodeld */ = {
			isa = XCVersionGroup;
			children = (
				DA2E9BE8271FA8970092BE6D /* TrainUtil.xcdatamodel */,
			);
			currentVersion = DA2E9BE8271FA8970092BE6D /* TrainUtil.xcdatamodel */;
			path = TrainUtil.xcdatamodeld;
			sourceTree = "<group>";
			versionGroupType = wrapper.xcdatamodel;
		};
/* End XCVersionGroup section */
	};
	rootObject = DA2E9BD1271FA8960092BE6D /* Project object */;
}
